// !$*UTF8*$!
{
	archiveVersion = 1;
	classes = {
	};
	objectVersion = 52;
	objects = {

/* Begin PBXBuildFile section */
		A206926224ABD1ED00C6DA38 /* PadMetalConverter.swift in Sources */ = {isa = PBXBuildFile; fileRef = A206926124ABD1ED00C6DA38 /* PadMetalConverter.swift */; };
		A206926424ABD2BF00C6DA38 /* ConvolutionMetalConverter.swift in Sources */ = {isa = PBXBuildFile; fileRef = A206926324ABD2BF00C6DA38 /* ConvolutionMetalConverter.swift */; };
		A206926624ABD32F00C6DA38 /* InstanceNormalizationMetalConverter.swift in Sources */ = {isa = PBXBuildFile; fileRef = A206926524ABD32F00C6DA38 /* InstanceNormalizationMetalConverter.swift */; };
		A206926824ABD34500C6DA38 /* ConvolutionTransposedMetalConverter.swift in Sources */ = {isa = PBXBuildFile; fileRef = A206926724ABD34500C6DA38 /* ConvolutionTransposedMetalConverter.swift */; };
		A206926A24ABD35200C6DA38 /* AddMetalConverter.swift in Sources */ = {isa = PBXBuildFile; fileRef = A206926924ABD35200C6DA38 /* AddMetalConverter.swift */; };
		A206926C24ABD35C00C6DA38 /* RELUMetalConverter.swift in Sources */ = {isa = PBXBuildFile; fileRef = A206926B24ABD35C00C6DA38 /* RELUMetalConverter.swift */; };
		A206926E24ABD36600C6DA38 /* SigmoidMetalConverter.swift in Sources */ = {isa = PBXBuildFile; fileRef = A206926D24ABD36600C6DA38 /* SigmoidMetalConverter.swift */; };
		A206927024ABD41B00C6DA38 /* FusableMetalNeuron.swift in Sources */ = {isa = PBXBuildFile; fileRef = A206926F24ABD41B00C6DA38 /* FusableMetalNeuron.swift */; };
		A206927524ABE81100C6DA38 /* MetalGraphConverter.swift in Sources */ = {isa = PBXBuildFile; fileRef = A206927424ABE81100C6DA38 /* MetalGraphConverter.swift */; };
		A206927724ABE91700C6DA38 /* PadInjectable.swift in Sources */ = {isa = PBXBuildFile; fileRef = A206927624ABE91700C6DA38 /* PadInjectable.swift */; };
		A2254F0724A69FFB000E26AC /* onnx.pb.swift in Sources */ = {isa = PBXBuildFile; fileRef = A2254F0624A69FFB000E26AC /* onnx.pb.swift */; };
		A2254F0F24A78219000E26AC /* NodeConverter.swift in Sources */ = {isa = PBXBuildFile; fileRef = A2254F0E24A78219000E26AC /* NodeConverter.swift */; };
		A2254F1124A7823C000E26AC /* Conv2DConverter.swift in Sources */ = {isa = PBXBuildFile; fileRef = A2254F1024A7823C000E26AC /* Conv2DConverter.swift */; };
		A2254F1324A78261000E26AC /* MaxPoolConverter.swift in Sources */ = {isa = PBXBuildFile; fileRef = A2254F1224A78261000E26AC /* MaxPoolConverter.swift */; };
		A2254F1524A782BF000E26AC /* ReshapeConverter.swift in Sources */ = {isa = PBXBuildFile; fileRef = A2254F1424A782BF000E26AC /* ReshapeConverter.swift */; };
		A2254F1724A782D9000E26AC /* BatchNormConverter.swift in Sources */ = {isa = PBXBuildFile; fileRef = A2254F1624A782D9000E26AC /* BatchNormConverter.swift */; };
		A2254F1924A7835F000E26AC /* DenseConverter.swift in Sources */ = {isa = PBXBuildFile; fileRef = A2254F1824A7835F000E26AC /* DenseConverter.swift */; };
		A2254F1B24A78383000E26AC /* GlobalAveragePoolConverter.swift in Sources */ = {isa = PBXBuildFile; fileRef = A2254F1A24A78383000E26AC /* GlobalAveragePoolConverter.swift */; };
		A2254F1D24A78395000E26AC /* DropOutConverter.swift in Sources */ = {isa = PBXBuildFile; fileRef = A2254F1C24A78395000E26AC /* DropOutConverter.swift */; };
		A2254F1F24A783A9000E26AC /* FlattenConverter.swift in Sources */ = {isa = PBXBuildFile; fileRef = A2254F1E24A783A9000E26AC /* FlattenConverter.swift */; };
		A2254F2124A783C7000E26AC /* RELUConverter.swift in Sources */ = {isa = PBXBuildFile; fileRef = A2254F2024A783C7000E26AC /* RELUConverter.swift */; };
		A2254F2324A783D0000E26AC /* AddConverter.swift in Sources */ = {isa = PBXBuildFile; fileRef = A2254F2224A783D0000E26AC /* AddConverter.swift */; };
		A2254F2524A783E9000E26AC /* TypeDefinitions.swift in Sources */ = {isa = PBXBuildFile; fileRef = A2254F2424A783E9000E26AC /* TypeDefinitions.swift */; };
		A2254F2724A78405000E26AC /* Array+Extensions.swift in Sources */ = {isa = PBXBuildFile; fileRef = A2254F2624A78405000E26AC /* Array+Extensions.swift */; };
		A2254F2924A7843F000E26AC /* GenerationContext.swift in Sources */ = {isa = PBXBuildFile; fileRef = A2254F2824A7843F000E26AC /* GenerationContext.swift */; };
		A2254F2B24A7845B000E26AC /* GraphConverter.swift in Sources */ = {isa = PBXBuildFile; fileRef = A2254F2A24A7845B000E26AC /* GraphConverter.swift */; };
		A2254F3124A7881B000E26AC /* ArgumentParser in Frameworks */ = {isa = PBXBuildFile; productRef = A2254F3024A7881B000E26AC /* ArgumentParser */; };
		A2254F3324A78822000E26AC /* CLI.swift in Sources */ = {isa = PBXBuildFile; fileRef = A2254F3224A78822000E26AC /* CLI.swift */; };
		A2254F3524A78A36000E26AC /* SourceStringBuilder.swift in Sources */ = {isa = PBXBuildFile; fileRef = A2254F3424A78A36000E26AC /* SourceStringBuilder.swift */; };
		A2254F3724A7ED44000E26AC /* ActivationConverter.swift in Sources */ = {isa = PBXBuildFile; fileRef = A2254F3624A7ED44000E26AC /* ActivationConverter.swift */; };
		A2254F3924A7F9FE000E26AC /* SigmoidConverter.swift in Sources */ = {isa = PBXBuildFile; fileRef = A2254F3824A7F9FE000E26AC /* SigmoidConverter.swift */; };
		A2254F3B24A7FA1C000E26AC /* SoftmaxConverter.swift in Sources */ = {isa = PBXBuildFile; fileRef = A2254F3A24A7FA1C000E26AC /* SoftmaxConverter.swift */; };
		A2254F3D24A7FA6B000E26AC /* PadConverter.swift in Sources */ = {isa = PBXBuildFile; fileRef = A2254F3C24A7FA6B000E26AC /* PadConverter.swift */; };
		A23F9EBA24A7FEB1006A3E99 /* InstanceNorm.swift in Sources */ = {isa = PBXBuildFile; fileRef = A23F9EB924A7FEB1006A3E99 /* InstanceNorm.swift */; };
		A23F9EBC24A80147006A3E99 /* Onnx_TensorProto+Extensions.swift in Sources */ = {isa = PBXBuildFile; fileRef = A23F9EBB24A80147006A3E99 /* Onnx_TensorProto+Extensions.swift */; };
		A23F9EBE24A805BE006A3E99 /* ConstantConverter.swift in Sources */ = {isa = PBXBuildFile; fileRef = A23F9EBD24A805BE006A3E99 /* ConstantConverter.swift */; };
		A23F9EC024A80670006A3E99 /* ConvTransposeConverter.swift in Sources */ = {isa = PBXBuildFile; fileRef = A23F9EBF24A80670006A3E99 /* ConvTransposeConverter.swift */; };
		A23F9EC224A8E8A2006A3E99 /* LeakyRELUConverter.swift in Sources */ = {isa = PBXBuildFile; fileRef = A23F9EC124A8E8A2006A3E99 /* LeakyRELUConverter.swift */; };
		A23F9EC424A8E971006A3E99 /* TanhConverter.swift in Sources */ = {isa = PBXBuildFile; fileRef = A23F9EC324A8E971006A3E99 /* TanhConverter.swift */; };
		A23F9EC624A8F37B006A3E99 /* UpsampleConverter.swift in Sources */ = {isa = PBXBuildFile; fileRef = A23F9EC524A8F37B006A3E99 /* UpsampleConverter.swift */; };
		A28A892A24ACC58900D6C40E /* TargetPlatform.swift in Sources */ = {isa = PBXBuildFile; fileRef = A28A892924ACC58900D6C40E /* TargetPlatform.swift */; };
		A2CB40C624940E11006E1065 /* main.swift in Sources */ = {isa = PBXBuildFile; fileRef = A2CB40C524940E11006E1065 /* main.swift */; };
		A2CB40D02494116D006E1065 /* SwiftProtobuf in Frameworks */ = {isa = PBXBuildFile; productRef = A2CB40CF2494116D006E1065 /* SwiftProtobuf */; };
		A2D1B2F724A8F5FF008C3E2C /* MulConverter.swift in Sources */ = {isa = PBXBuildFile; fileRef = A2D1B2F624A8F5FF008C3E2C /* MulConverter.swift */; };
/* End PBXBuildFile section */

/* Begin PBXCopyFilesBuildPhase section */
		A2CB40C024940E11006E1065 /* CopyFiles */ = {
			isa = PBXCopyFilesBuildPhase;
			buildActionMask = 2147483647;
			dstPath = /usr/share/man/man1/;
			dstSubfolderSpec = 0;
			files = (
			);
			runOnlyForDeploymentPostprocessing = 1;
		};
/* End PBXCopyFilesBuildPhase section */

/* Begin PBXFileReference section */
		A206926124ABD1ED00C6DA38 /* PadMetalConverter.swift */ = {isa = PBXFileReference; lastKnownFileType = sourcecode.swift; path = PadMetalConverter.swift; sourceTree = "<group>"; };
		A206926324ABD2BF00C6DA38 /* ConvolutionMetalConverter.swift */ = {isa = PBXFileReference; lastKnownFileType = sourcecode.swift; path = ConvolutionMetalConverter.swift; sourceTree = "<group>"; };
		A206926524ABD32F00C6DA38 /* InstanceNormalizationMetalConverter.swift */ = {isa = PBXFileReference; lastKnownFileType = sourcecode.swift; path = InstanceNormalizationMetalConverter.swift; sourceTree = "<group>"; };
		A206926724ABD34500C6DA38 /* ConvolutionTransposedMetalConverter.swift */ = {isa = PBXFileReference; lastKnownFileType = sourcecode.swift; path = ConvolutionTransposedMetalConverter.swift; sourceTree = "<group>"; };
		A206926924ABD35200C6DA38 /* AddMetalConverter.swift */ = {isa = PBXFileReference; lastKnownFileType = sourcecode.swift; path = AddMetalConverter.swift; sourceTree = "<group>"; };
		A206926B24ABD35C00C6DA38 /* RELUMetalConverter.swift */ = {isa = PBXFileReference; lastKnownFileType = sourcecode.swift; path = RELUMetalConverter.swift; sourceTree = "<group>"; };
		A206926D24ABD36600C6DA38 /* SigmoidMetalConverter.swift */ = {isa = PBXFileReference; lastKnownFileType = sourcecode.swift; path = SigmoidMetalConverter.swift; sourceTree = "<group>"; };
		A206926F24ABD41B00C6DA38 /* FusableMetalNeuron.swift */ = {isa = PBXFileReference; lastKnownFileType = sourcecode.swift; path = FusableMetalNeuron.swift; sourceTree = "<group>"; };
		A206927424ABE81100C6DA38 /* MetalGraphConverter.swift */ = {isa = PBXFileReference; lastKnownFileType = sourcecode.swift; path = MetalGraphConverter.swift; sourceTree = "<group>"; };
		A206927624ABE91700C6DA38 /* PadInjectable.swift */ = {isa = PBXFileReference; lastKnownFileType = sourcecode.swift; path = PadInjectable.swift; sourceTree = "<group>"; };
		A2254F0624A69FFB000E26AC /* onnx.pb.swift */ = {isa = PBXFileReference; fileEncoding = 4; lastKnownFileType = sourcecode.swift; name = onnx.pb.swift; path = ../../../job/Smelter/Sources/onnx.pb.swift; sourceTree = "<group>"; };
		A2254F0E24A78219000E26AC /* NodeConverter.swift */ = {isa = PBXFileReference; lastKnownFileType = sourcecode.swift; path = NodeConverter.swift; sourceTree = "<group>"; };
		A2254F1024A7823C000E26AC /* Conv2DConverter.swift */ = {isa = PBXFileReference; lastKnownFileType = sourcecode.swift; path = Conv2DConverter.swift; sourceTree = "<group>"; };
		A2254F1224A78261000E26AC /* MaxPoolConverter.swift */ = {isa = PBXFileReference; lastKnownFileType = sourcecode.swift; path = MaxPoolConverter.swift; sourceTree = "<group>"; };
		A2254F1424A782BF000E26AC /* ReshapeConverter.swift */ = {isa = PBXFileReference; lastKnownFileType = sourcecode.swift; path = ReshapeConverter.swift; sourceTree = "<group>"; };
		A2254F1624A782D9000E26AC /* BatchNormConverter.swift */ = {isa = PBXFileReference; lastKnownFileType = sourcecode.swift; path = BatchNormConverter.swift; sourceTree = "<group>"; };
		A2254F1824A7835F000E26AC /* DenseConverter.swift */ = {isa = PBXFileReference; lastKnownFileType = sourcecode.swift; path = DenseConverter.swift; sourceTree = "<group>"; };
		A2254F1A24A78383000E26AC /* GlobalAveragePoolConverter.swift */ = {isa = PBXFileReference; lastKnownFileType = sourcecode.swift; path = GlobalAveragePoolConverter.swift; sourceTree = "<group>"; };
		A2254F1C24A78395000E26AC /* DropOutConverter.swift */ = {isa = PBXFileReference; lastKnownFileType = sourcecode.swift; path = DropOutConverter.swift; sourceTree = "<group>"; };
		A2254F1E24A783A9000E26AC /* FlattenConverter.swift */ = {isa = PBXFileReference; lastKnownFileType = sourcecode.swift; path = FlattenConverter.swift; sourceTree = "<group>"; };
		A2254F2024A783C7000E26AC /* RELUConverter.swift */ = {isa = PBXFileReference; lastKnownFileType = sourcecode.swift; path = RELUConverter.swift; sourceTree = "<group>"; };
		A2254F2224A783D0000E26AC /* AddConverter.swift */ = {isa = PBXFileReference; lastKnownFileType = sourcecode.swift; path = AddConverter.swift; sourceTree = "<group>"; };
		A2254F2424A783E9000E26AC /* TypeDefinitions.swift */ = {isa = PBXFileReference; lastKnownFileType = sourcecode.swift; path = TypeDefinitions.swift; sourceTree = "<group>"; };
		A2254F2624A78405000E26AC /* Array+Extensions.swift */ = {isa = PBXFileReference; lastKnownFileType = sourcecode.swift; path = "Array+Extensions.swift"; sourceTree = "<group>"; };
		A2254F2824A7843F000E26AC /* GenerationContext.swift */ = {isa = PBXFileReference; lastKnownFileType = sourcecode.swift; path = GenerationContext.swift; sourceTree = "<group>"; };
		A2254F2A24A7845B000E26AC /* GraphConverter.swift */ = {isa = PBXFileReference; lastKnownFileType = sourcecode.swift; path = GraphConverter.swift; sourceTree = "<group>"; };
		A2254F2E24A787DA000E26AC /* README.md */ = {isa = PBXFileReference; lastKnownFileType = net.daringfireball.markdown; path = README.md; sourceTree = "<group>"; };
		A2254F3224A78822000E26AC /* CLI.swift */ = {isa = PBXFileReference; lastKnownFileType = sourcecode.swift; path = CLI.swift; sourceTree = "<group>"; };
		A2254F3424A78A36000E26AC /* SourceStringBuilder.swift */ = {isa = PBXFileReference; lastKnownFileType = sourcecode.swift; path = SourceStringBuilder.swift; sourceTree = "<group>"; };
		A2254F3624A7ED44000E26AC /* ActivationConverter.swift */ = {isa = PBXFileReference; lastKnownFileType = sourcecode.swift; path = ActivationConverter.swift; sourceTree = "<group>"; };
		A2254F3824A7F9FE000E26AC /* SigmoidConverter.swift */ = {isa = PBXFileReference; lastKnownFileType = sourcecode.swift; path = SigmoidConverter.swift; sourceTree = "<group>"; };
		A2254F3A24A7FA1C000E26AC /* SoftmaxConverter.swift */ = {isa = PBXFileReference; lastKnownFileType = sourcecode.swift; path = SoftmaxConverter.swift; sourceTree = "<group>"; };
		A2254F3C24A7FA6B000E26AC /* PadConverter.swift */ = {isa = PBXFileReference; lastKnownFileType = sourcecode.swift; path = PadConverter.swift; sourceTree = "<group>"; };
		A23F9EB924A7FEB1006A3E99 /* InstanceNorm.swift */ = {isa = PBXFileReference; lastKnownFileType = sourcecode.swift; path = InstanceNorm.swift; sourceTree = "<group>"; };
		A23F9EBB24A80147006A3E99 /* Onnx_TensorProto+Extensions.swift */ = {isa = PBXFileReference; lastKnownFileType = sourcecode.swift; path = "Onnx_TensorProto+Extensions.swift"; sourceTree = "<group>"; };
		A23F9EBD24A805BE006A3E99 /* ConstantConverter.swift */ = {isa = PBXFileReference; lastKnownFileType = sourcecode.swift; path = ConstantConverter.swift; sourceTree = "<group>"; };
		A23F9EBF24A80670006A3E99 /* ConvTransposeConverter.swift */ = {isa = PBXFileReference; lastKnownFileType = sourcecode.swift; path = ConvTransposeConverter.swift; sourceTree = "<group>"; };
		A23F9EC124A8E8A2006A3E99 /* LeakyRELUConverter.swift */ = {isa = PBXFileReference; lastKnownFileType = sourcecode.swift; path = LeakyRELUConverter.swift; sourceTree = "<group>"; };
		A23F9EC324A8E971006A3E99 /* TanhConverter.swift */ = {isa = PBXFileReference; lastKnownFileType = sourcecode.swift; path = TanhConverter.swift; sourceTree = "<group>"; };
		A23F9EC524A8F37B006A3E99 /* UpsampleConverter.swift */ = {isa = PBXFileReference; lastKnownFileType = sourcecode.swift; path = UpsampleConverter.swift; sourceTree = "<group>"; };
		A28A892924ACC58900D6C40E /* TargetPlatform.swift */ = {isa = PBXFileReference; lastKnownFileType = sourcecode.swift; path = TargetPlatform.swift; sourceTree = "<group>"; };
		A2CB40C224940E11006E1065 /* Sardonyx */ = {isa = PBXFileReference; explicitFileType = "compiled.mach-o.executable"; includeInIndex = 0; path = Sardonyx; sourceTree = BUILT_PRODUCTS_DIR; };
		A2CB40C524940E11006E1065 /* main.swift */ = {isa = PBXFileReference; lastKnownFileType = sourcecode.swift; path = main.swift; sourceTree = "<group>"; };
		A2D1B2F624A8F5FF008C3E2C /* MulConverter.swift */ = {isa = PBXFileReference; lastKnownFileType = sourcecode.swift; path = MulConverter.swift; sourceTree = "<group>"; };
/* End PBXFileReference section */

/* Begin PBXFrameworksBuildPhase section */
		A2CB40BF24940E11006E1065 /* Frameworks */ = {
			isa = PBXFrameworksBuildPhase;
			buildActionMask = 2147483647;
			files = (
				A2254F3124A7881B000E26AC /* ArgumentParser in Frameworks */,
				A2CB40D02494116D006E1065 /* SwiftProtobuf in Frameworks */,
			);
			runOnlyForDeploymentPostprocessing = 0;
		};
/* End PBXFrameworksBuildPhase section */

/* Begin PBXGroup section */
		A206926024ABD1DB00C6DA38 /* MPS */ = {
			isa = PBXGroup;
			children = (
				A206926124ABD1ED00C6DA38 /* PadMetalConverter.swift */,
				A206926324ABD2BF00C6DA38 /* ConvolutionMetalConverter.swift */,
				A206926524ABD32F00C6DA38 /* InstanceNormalizationMetalConverter.swift */,
				A206926724ABD34500C6DA38 /* ConvolutionTransposedMetalConverter.swift */,
				A206926924ABD35200C6DA38 /* AddMetalConverter.swift */,
				A206926B24ABD35C00C6DA38 /* RELUMetalConverter.swift */,
				A206926D24ABD36600C6DA38 /* SigmoidMetalConverter.swift */,
				A206927124ABD4FC00C6DA38 /* Protocols */,
			);
			path = MPS;
			sourceTree = "<group>";
		};
		A206927124ABD4FC00C6DA38 /* Protocols */ = {
			isa = PBXGroup;
			children = (
				A206926F24ABD41B00C6DA38 /* FusableMetalNeuron.swift */,
				A206927624ABE91700C6DA38 /* PadInjectable.swift */,
			);
			path = Protocols;
			sourceTree = "<group>";
		};
		A2254F0D24A7820C000E26AC /* NodeConverters */ = {
			isa = PBXGroup;
			children = (
				A2254F0E24A78219000E26AC /* NodeConverter.swift */,
				A206926024ABD1DB00C6DA38 /* MPS */,
				A28A892824ACC53800D6C40E /* S4TF */,
			);
			path = NodeConverters;
			sourceTree = "<group>";
		};
		A28A892824ACC53800D6C40E /* S4TF */ = {
			isa = PBXGroup;
			children = (
				A2254F1024A7823C000E26AC /* Conv2DConverter.swift */,
				A2254F1224A78261000E26AC /* MaxPoolConverter.swift */,
				A2254F1424A782BF000E26AC /* ReshapeConverter.swift */,
				A2254F1624A782D9000E26AC /* BatchNormConverter.swift */,
				A2254F1824A7835F000E26AC /* DenseConverter.swift */,
				A2254F1A24A78383000E26AC /* GlobalAveragePoolConverter.swift */,
				A2254F1C24A78395000E26AC /* DropOutConverter.swift */,
				A2254F1E24A783A9000E26AC /* FlattenConverter.swift */,
				A2254F2024A783C7000E26AC /* RELUConverter.swift */,
				A2254F2224A783D0000E26AC /* AddConverter.swift */,
				A2254F3624A7ED44000E26AC /* ActivationConverter.swift */,
				A2254F3824A7F9FE000E26AC /* SigmoidConverter.swift */,
				A2254F3A24A7FA1C000E26AC /* SoftmaxConverter.swift */,
				A2254F3C24A7FA6B000E26AC /* PadConverter.swift */,
				A23F9EB924A7FEB1006A3E99 /* InstanceNorm.swift */,
				A23F9EBD24A805BE006A3E99 /* ConstantConverter.swift */,
				A23F9EBF24A80670006A3E99 /* ConvTransposeConverter.swift */,
				A23F9EC124A8E8A2006A3E99 /* LeakyRELUConverter.swift */,
				A23F9EC324A8E971006A3E99 /* TanhConverter.swift */,
				A23F9EC524A8F37B006A3E99 /* UpsampleConverter.swift */,
				A2D1B2F624A8F5FF008C3E2C /* MulConverter.swift */,
			);
			path = S4TF;
			sourceTree = "<group>";
		};
		A2CB40B924940E11006E1065 = {
			isa = PBXGroup;
			children = (
				A2254F2E24A787DA000E26AC /* README.md */,
				A2CB40C424940E11006E1065 /* Sardonyx */,
				A2CB40C324940E11006E1065 /* Products */,
			);
			sourceTree = "<group>";
		};
		A2CB40C324940E11006E1065 /* Products */ = {
			isa = PBXGroup;
			children = (
				A2CB40C224940E11006E1065 /* Sardonyx */,
			);
			name = Products;
			sourceTree = "<group>";
		};
		A2CB40C424940E11006E1065 /* Sardonyx */ = {
			isa = PBXGroup;
			children = (
				A2254F0D24A7820C000E26AC /* NodeConverters */,
				A2CB40C524940E11006E1065 /* main.swift */,
				A2254F0624A69FFB000E26AC /* onnx.pb.swift */,
				A2254F2424A783E9000E26AC /* TypeDefinitions.swift */,
				A2254F2624A78405000E26AC /* Array+Extensions.swift */,
				A2254F2824A7843F000E26AC /* GenerationContext.swift */,
				A2254F2A24A7845B000E26AC /* GraphConverter.swift */,
				A2254F3224A78822000E26AC /* CLI.swift */,
				A2254F3424A78A36000E26AC /* SourceStringBuilder.swift */,
				A23F9EBB24A80147006A3E99 /* Onnx_TensorProto+Extensions.swift */,
				A206927424ABE81100C6DA38 /* MetalGraphConverter.swift */,
				A28A892924ACC58900D6C40E /* TargetPlatform.swift */,
			);
			path = Sardonyx;
			sourceTree = "<group>";
		};
/* End PBXGroup section */

/* Begin PBXNativeTarget section */
		A2CB40C124940E11006E1065 /* Sardonyx */ = {
			isa = PBXNativeTarget;
			buildConfigurationList = A2CB40C924940E11006E1065 /* Build configuration list for PBXNativeTarget "Sardonyx" */;
			buildPhases = (
				A2CB40BE24940E11006E1065 /* Sources */,
				A2CB40BF24940E11006E1065 /* Frameworks */,
				A2CB40C024940E11006E1065 /* CopyFiles */,
			);
			buildRules = (
			);
			dependencies = (
			);
			name = Sardonyx;
			packageProductDependencies = (
				A2CB40CF2494116D006E1065 /* SwiftProtobuf */,
				A2254F3024A7881B000E26AC /* ArgumentParser */,
			);
			productName = Sardonyx;
			productReference = A2CB40C224940E11006E1065 /* Sardonyx */;
			productType = "com.apple.product-type.tool";
		};
/* End PBXNativeTarget section */

/* Begin PBXProject section */
		A2CB40BA24940E11006E1065 /* Project object */ = {
			isa = PBXProject;
			attributes = {
				LastSwiftUpdateCheck = 1140;
				LastUpgradeCheck = 1140;
				ORGANIZATIONNAME = "Andrey Volodin";
				TargetAttributes = {
					A2CB40C124940E11006E1065 = {
						CreatedOnToolsVersion = 11.4;
					};
				};
			};
			buildConfigurationList = A2CB40BD24940E11006E1065 /* Build configuration list for PBXProject "Sardonyx" */;
			compatibilityVersion = "Xcode 9.3";
			developmentRegion = en;
			hasScannedForEncodings = 0;
			knownRegions = (
				en,
				Base,
			);
			mainGroup = A2CB40B924940E11006E1065;
			packageReferences = (
				A2CB40CE2494116D006E1065 /* XCRemoteSwiftPackageReference "swift-protobuf" */,
				A2254F2F24A7881B000E26AC /* XCRemoteSwiftPackageReference "swift-argument-parser" */,
			);
			productRefGroup = A2CB40C324940E11006E1065 /* Products */;
			projectDirPath = "";
			projectRoot = "";
			targets = (
				A2CB40C124940E11006E1065 /* Sardonyx */,
			);
		};
/* End PBXProject section */

/* Begin PBXSourcesBuildPhase section */
		A2CB40BE24940E11006E1065 /* Sources */ = {
			isa = PBXSourcesBuildPhase;
			buildActionMask = 2147483647;
			files = (
				A2254F2524A783E9000E26AC /* TypeDefinitions.swift in Sources */,
				A2254F2724A78405000E26AC /* Array+Extensions.swift in Sources */,
				A206926C24ABD35C00C6DA38 /* RELUMetalConverter.swift in Sources */,
				A2254F1724A782D9000E26AC /* BatchNormConverter.swift in Sources */,
				A23F9EBE24A805BE006A3E99 /* ConstantConverter.swift in Sources */,
				A2254F2924A7843F000E26AC /* GenerationContext.swift in Sources */,
				A2254F2324A783D0000E26AC /* AddConverter.swift in Sources */,
				A206926824ABD34500C6DA38 /* ConvolutionTransposedMetalConverter.swift in Sources */,
				A2254F1324A78261000E26AC /* MaxPoolConverter.swift in Sources */,
				A206926424ABD2BF00C6DA38 /* ConvolutionMetalConverter.swift in Sources */,
				A2254F1F24A783A9000E26AC /* FlattenConverter.swift in Sources */,
				A28A892A24ACC58900D6C40E /* TargetPlatform.swift in Sources */,
				A2254F1124A7823C000E26AC /* Conv2DConverter.swift in Sources */,
				A2254F3924A7F9FE000E26AC /* SigmoidConverter.swift in Sources */,
				A206926E24ABD36600C6DA38 /* SigmoidMetalConverter.swift in Sources */,
				A2254F1B24A78383000E26AC /* GlobalAveragePoolConverter.swift in Sources */,
				A23F9EC624A8F37B006A3E99 /* UpsampleConverter.swift in Sources */,
				A2CB40C624940E11006E1065 /* main.swift in Sources */,
				A2254F2124A783C7000E26AC /* RELUConverter.swift in Sources */,
				A206927524ABE81100C6DA38 /* MetalGraphConverter.swift in Sources */,
				A2254F3B24A7FA1C000E26AC /* SoftmaxConverter.swift in Sources */,
				A23F9EC024A80670006A3E99 /* ConvTransposeConverter.swift in Sources */,
				A2254F0F24A78219000E26AC /* NodeConverter.swift in Sources */,
				A2254F1D24A78395000E26AC /* DropOutConverter.swift in Sources */,
				A206927024ABD41B00C6DA38 /* FusableMetalNeuron.swift in Sources */,
				A2D1B2F724A8F5FF008C3E2C /* MulConverter.swift in Sources */,
				A23F9EBC24A80147006A3E99 /* Onnx_TensorProto+Extensions.swift in Sources */,
				A2254F0724A69FFB000E26AC /* onnx.pb.swift in Sources */,
				A2254F3524A78A36000E26AC /* SourceStringBuilder.swift in Sources */,
				A23F9EC224A8E8A2006A3E99 /* LeakyRELUConverter.swift in Sources */,
				A206926224ABD1ED00C6DA38 /* PadMetalConverter.swift in Sources */,
				A23F9EC424A8E971006A3E99 /* TanhConverter.swift in Sources */,
				A2254F3D24A7FA6B000E26AC /* PadConverter.swift in Sources */,
				A2254F2B24A7845B000E26AC /* GraphConverter.swift in Sources */,
				A2254F3324A78822000E26AC /* CLI.swift in Sources */,
				A206926A24ABD35200C6DA38 /* AddMetalConverter.swift in Sources */,
				A206927724ABE91700C6DA38 /* PadInjectable.swift in Sources */,
				A2254F3724A7ED44000E26AC /* ActivationConverter.swift in Sources */,
				A206926624ABD32F00C6DA38 /* InstanceNormalizationMetalConverter.swift in Sources */,
				A23F9EBA24A7FEB1006A3E99 /* InstanceNorm.swift in Sources */,
				A2254F1924A7835F000E26AC /* DenseConverter.swift in Sources */,
				A2254F1524A782BF000E26AC /* ReshapeConverter.swift in Sources */,
			);
			runOnlyForDeploymentPostprocessing = 0;
		};
/* End PBXSourcesBuildPhase section */

/* Begin XCBuildConfiguration section */
		A2CB40C724940E11006E1065 /* Debug */ = {
			isa = XCBuildConfiguration;
			buildSettings = {
				ALWAYS_SEARCH_USER_PATHS = NO;
				CLANG_ANALYZER_NONNULL = YES;
				CLANG_ANALYZER_NUMBER_OBJECT_CONVERSION = YES_AGGRESSIVE;
				CLANG_CXX_LANGUAGE_STANDARD = "gnu++14";
				CLANG_CXX_LIBRARY = "libc++";
				CLANG_ENABLE_MODULES = YES;
				CLANG_ENABLE_OBJC_ARC = YES;
				CLANG_ENABLE_OBJC_WEAK = YES;
				CLANG_WARN_BLOCK_CAPTURE_AUTORELEASING = YES;
				CLANG_WARN_BOOL_CONVERSION = YES;
				CLANG_WARN_COMMA = YES;
				CLANG_WARN_CONSTANT_CONVERSION = YES;
				CLANG_WARN_DEPRECATED_OBJC_IMPLEMENTATIONS = YES;
				CLANG_WARN_DIRECT_OBJC_ISA_USAGE = YES_ERROR;
				CLANG_WARN_DOCUMENTATION_COMMENTS = YES;
				CLANG_WARN_EMPTY_BODY = YES;
				CLANG_WARN_ENUM_CONVERSION = YES;
				CLANG_WARN_INFINITE_RECURSION = YES;
				CLANG_WARN_INT_CONVERSION = YES;
				CLANG_WARN_NON_LITERAL_NULL_CONVERSION = YES;
				CLANG_WARN_OBJC_IMPLICIT_RETAIN_SELF = YES;
				CLANG_WARN_OBJC_LITERAL_CONVERSION = YES;
				CLANG_WARN_OBJC_ROOT_CLASS = YES_ERROR;
				CLANG_WARN_RANGE_LOOP_ANALYSIS = YES;
				CLANG_WARN_STRICT_PROTOTYPES = YES;
				CLANG_WARN_SUSPICIOUS_MOVE = YES;
				CLANG_WARN_UNGUARDED_AVAILABILITY = YES_AGGRESSIVE;
				CLANG_WARN_UNREACHABLE_CODE = YES;
				CLANG_WARN__DUPLICATE_METHOD_MATCH = YES;
				COPY_PHASE_STRIP = NO;
				DEBUG_INFORMATION_FORMAT = dwarf;
				ENABLE_STRICT_OBJC_MSGSEND = YES;
				ENABLE_TESTABILITY = YES;
				GCC_C_LANGUAGE_STANDARD = gnu11;
				GCC_DYNAMIC_NO_PIC = NO;
				GCC_NO_COMMON_BLOCKS = YES;
				GCC_OPTIMIZATION_LEVEL = 0;
				GCC_PREPROCESSOR_DEFINITIONS = (
					"DEBUG=1",
					"$(inherited)",
				);
				GCC_WARN_64_TO_32_BIT_CONVERSION = YES;
				GCC_WARN_ABOUT_RETURN_TYPE = YES_ERROR;
				GCC_WARN_UNDECLARED_SELECTOR = YES;
				GCC_WARN_UNINITIALIZED_AUTOS = YES_AGGRESSIVE;
				GCC_WARN_UNUSED_FUNCTION = YES;
				GCC_WARN_UNUSED_VARIABLE = YES;
				MACOSX_DEPLOYMENT_TARGET = 10.15;
				MTL_ENABLE_DEBUG_INFO = INCLUDE_SOURCE;
				MTL_FAST_MATH = YES;
				ONLY_ACTIVE_ARCH = YES;
				SDKROOT = macosx;
				SWIFT_ACTIVE_COMPILATION_CONDITIONS = DEBUG;
				SWIFT_OPTIMIZATION_LEVEL = "-Onone";
			};
			name = Debug;
		};
		A2CB40C824940E11006E1065 /* Release */ = {
			isa = XCBuildConfiguration;
			buildSettings = {
				ALWAYS_SEARCH_USER_PATHS = NO;
				CLANG_ANALYZER_NONNULL = YES;
				CLANG_ANALYZER_NUMBER_OBJECT_CONVERSION = YES_AGGRESSIVE;
				CLANG_CXX_LANGUAGE_STANDARD = "gnu++14";
				CLANG_CXX_LIBRARY = "libc++";
				CLANG_ENABLE_MODULES = YES;
				CLANG_ENABLE_OBJC_ARC = YES;
				CLANG_ENABLE_OBJC_WEAK = YES;
				CLANG_WARN_BLOCK_CAPTURE_AUTORELEASING = YES;
				CLANG_WARN_BOOL_CONVERSION = YES;
				CLANG_WARN_COMMA = YES;
				CLANG_WARN_CONSTANT_CONVERSION = YES;
				CLANG_WARN_DEPRECATED_OBJC_IMPLEMENTATIONS = YES;
				CLANG_WARN_DIRECT_OBJC_ISA_USAGE = YES_ERROR;
				CLANG_WARN_DOCUMENTATION_COMMENTS = YES;
				CLANG_WARN_EMPTY_BODY = YES;
				CLANG_WARN_ENUM_CONVERSION = YES;
				CLANG_WARN_INFINITE_RECURSION = YES;
				CLANG_WARN_INT_CONVERSION = YES;
				CLANG_WARN_NON_LITERAL_NULL_CONVERSION = YES;
				CLANG_WARN_OBJC_IMPLICIT_RETAIN_SELF = YES;
				CLANG_WARN_OBJC_LITERAL_CONVERSION = YES;
				CLANG_WARN_OBJC_ROOT_CLASS = YES_ERROR;
				CLANG_WARN_RANGE_LOOP_ANALYSIS = YES;
				CLANG_WARN_STRICT_PROTOTYPES = YES;
				CLANG_WARN_SUSPICIOUS_MOVE = YES;
				CLANG_WARN_UNGUARDED_AVAILABILITY = YES_AGGRESSIVE;
				CLANG_WARN_UNREACHABLE_CODE = YES;
				CLANG_WARN__DUPLICATE_METHOD_MATCH = YES;
				COPY_PHASE_STRIP = NO;
				DEBUG_INFORMATION_FORMAT = "dwarf-with-dsym";
				ENABLE_NS_ASSERTIONS = NO;
				ENABLE_STRICT_OBJC_MSGSEND = YES;
				GCC_C_LANGUAGE_STANDARD = gnu11;
				GCC_NO_COMMON_BLOCKS = YES;
				GCC_WARN_64_TO_32_BIT_CONVERSION = YES;
				GCC_WARN_ABOUT_RETURN_TYPE = YES_ERROR;
				GCC_WARN_UNDECLARED_SELECTOR = YES;
				GCC_WARN_UNINITIALIZED_AUTOS = YES_AGGRESSIVE;
				GCC_WARN_UNUSED_FUNCTION = YES;
				GCC_WARN_UNUSED_VARIABLE = YES;
				MACOSX_DEPLOYMENT_TARGET = 10.15;
				MTL_ENABLE_DEBUG_INFO = NO;
				MTL_FAST_MATH = YES;
				SDKROOT = macosx;
				SWIFT_COMPILATION_MODE = wholemodule;
				SWIFT_OPTIMIZATION_LEVEL = "-O";
			};
			name = Release;
		};
		A2CB40CA24940E11006E1065 /* Debug */ = {
			isa = XCBuildConfiguration;
			buildSettings = {
				CODE_SIGN_STYLE = Automatic;
				DEVELOPMENT_TEAM = PR6HV9J6AD;
				ENABLE_HARDENED_RUNTIME = YES;
				PRODUCT_NAME = "$(TARGET_NAME)";
				SWIFT_VERSION = 5.0;
			};
			name = Debug;
		};
		A2CB40CB24940E11006E1065 /* Release */ = {
			isa = XCBuildConfiguration;
			buildSettings = {
				CODE_SIGN_STYLE = Automatic;
				DEVELOPMENT_TEAM = PR6HV9J6AD;
				ENABLE_HARDENED_RUNTIME = YES;
				PRODUCT_NAME = "$(TARGET_NAME)";
				SWIFT_VERSION = 5.0;
			};
			name = Release;
		};
/* End XCBuildConfiguration section */

/* Begin XCConfigurationList section */
		A2CB40BD24940E11006E1065 /* Build configuration list for PBXProject "Sardonyx" */ = {
			isa = XCConfigurationList;
			buildConfigurations = (
				A2CB40C724940E11006E1065 /* Debug */,
				A2CB40C824940E11006E1065 /* Release */,
			);
			defaultConfigurationIsVisible = 0;
			defaultConfigurationName = Release;
		};
		A2CB40C924940E11006E1065 /* Build configuration list for PBXNativeTarget "Sardonyx" */ = {
			isa = XCConfigurationList;
			buildConfigurations = (
				A2CB40CA24940E11006E1065 /* Debug */,
				A2CB40CB24940E11006E1065 /* Release */,
			);
			defaultConfigurationIsVisible = 0;
			defaultConfigurationName = Release;
		};
/* End XCConfigurationList section */

/* Begin XCRemoteSwiftPackageReference section */
		A2254F2F24A7881B000E26AC /* XCRemoteSwiftPackageReference "swift-argument-parser" */ = {
			isa = XCRemoteSwiftPackageReference;
			repositoryURL = "https://github.com/apple/swift-argument-parser";
			requirement = {
				kind = upToNextMajorVersion;
				minimumVersion = 0.2.0;
			};
		};
		A2CB40CE2494116D006E1065 /* XCRemoteSwiftPackageReference "swift-protobuf" */ = {
			isa = XCRemoteSwiftPackageReference;
			repositoryURL = "https://github.com/apple/swift-protobuf.git";
			requirement = {
				kind = upToNextMajorVersion;
				minimumVersion = 1.6.0;
			};
		};
/* End XCRemoteSwiftPackageReference section */

/* Begin XCSwiftPackageProductDependency section */
		A2254F3024A7881B000E26AC /* ArgumentParser */ = {
			isa = XCSwiftPackageProductDependency;
			package = A2254F2F24A7881B000E26AC /* XCRemoteSwiftPackageReference "swift-argument-parser" */;
			productName = ArgumentParser;
		};
		A2CB40CF2494116D006E1065 /* SwiftProtobuf */ = {
			isa = XCSwiftPackageProductDependency;
			package = A2CB40CE2494116D006E1065 /* XCRemoteSwiftPackageReference "swift-protobuf" */;
			productName = SwiftProtobuf;
		};
/* End XCSwiftPackageProductDependency section */
	};
	rootObject = A2CB40BA24940E11006E1065 /* Project object */;
}
